// !$*UTF8*$!
{
	archiveVersion = 1;
	classes = {
	};
	objectVersion = 46;
	objects = {

/* Begin PBXBuildFile section */
		373F78C4199DB87800ECC2A3 /* AppDelegate.swift in Sources */ = {isa = PBXBuildFile; fileRef = 373F78C3199DB87800ECC2A3 /* AppDelegate.swift */; };
		373F78C6199DB87800ECC2A3 /* MasterViewController.swift in Sources */ = {isa = PBXBuildFile; fileRef = 373F78C5199DB87800ECC2A3 /* MasterViewController.swift */; };
		373F78C8199DB87800ECC2A3 /* DetailViewController.swift in Sources */ = {isa = PBXBuildFile; fileRef = 373F78C7199DB87800ECC2A3 /* DetailViewController.swift */; };
		373F78CB199DB87800ECC2A3 /* Main.storyboard in Resources */ = {isa = PBXBuildFile; fileRef = 373F78C9199DB87800ECC2A3 /* Main.storyboard */; };
		373F78CD199DB87800ECC2A3 /* Images.xcassets in Resources */ = {isa = PBXBuildFile; fileRef = 373F78CC199DB87800ECC2A3 /* Images.xcassets */; };
		373F78D9199DB87900ECC2A3 /* AutoLayoutDemoTests.swift in Sources */ = {isa = PBXBuildFile; fileRef = 373F78D8199DB87900ECC2A3 /* AutoLayoutDemoTests.swift */; };
/* End PBXBuildFile section */

/* Begin PBXContainerItemProxy section */
		373F78D3199DB87900ECC2A3 /* PBXContainerItemProxy */ = {
			isa = PBXContainerItemProxy;
			containerPortal = 373F78B6199DB87800ECC2A3 /* Project object */;
			proxyType = 1;
			remoteGlobalIDString = 373F78BD199DB87800ECC2A3;
			remoteInfo = AutoLayoutDemo;
		};
/* End PBXContainerItemProxy section */

/* Begin PBXFileReference section */
		373F78BE199DB87800ECC2A3 /* AutoLayoutDemo.app */ = {isa = PBXFileReference; explicitFileType = wrapper.application; includeInIndex = 0; path = AutoLayoutDemo.app; sourceTree = BUILT_PRODUCTS_DIR; };
		373F78C2199DB87800ECC2A3 /* Info.plist */ = {isa = PBXFileReference; lastKnownFileType = text.plist.xml; path = Info.plist; sourceTree = "<group>"; };
		373F78C3199DB87800ECC2A3 /* AppDelegate.swift */ = {isa = PBXFileReference; lastKnownFileType = sourcecode.swift; path = AppDelegate.swift; sourceTree = "<group>"; };
		373F78C5199DB87800ECC2A3 /* MasterViewController.swift */ = {isa = PBXFileReference; lastKnownFileType = sourcecode.swift; path = MasterViewController.swift; sourceTree = "<group>"; };
		373F78C7199DB87800ECC2A3 /* DetailViewController.swift */ = {isa = PBXFileReference; lastKnownFileType = sourcecode.swift; path = DetailViewController.swift; sourceTree = "<group>"; };
		373F78CA199DB87800ECC2A3 /* Base */ = {isa = PBXFileReference; lastKnownFileType = file.storyboard; name = Base; path = Base.lproj/Main.storyboard; sourceTree = "<group>"; };
		373F78CC199DB87800ECC2A3 /* Images.xcassets */ = {isa = PBXFileReference; lastKnownFileType = folder.assetcatalog; path = Images.xcassets; sourceTree = "<group>"; };
		373F78D2199DB87900ECC2A3 /* AutoLayoutDemoTests.xctest */ = {isa = PBXFileReference; explicitFileType = wrapper.cfbundle; includeInIndex = 0; path = AutoLayoutDemoTests.xctest; sourceTree = BUILT_PRODUCTS_DIR; };
		373F78D7199DB87900ECC2A3 /* Info.plist */ = {isa = PBXFileReference; lastKnownFileType = text.plist.xml; path = Info.plist; sourceTree = "<group>"; };
		373F78D8199DB87900ECC2A3 /* AutoLayoutDemoTests.swift */ = {isa = PBXFileReference; lastKnownFileType = sourcecode.swift; path = AutoLayoutDemoTests.swift; sourceTree = "<group>"; };
/* End PBXFileReference section */

/* Begin PBXFrameworksBuildPhase section */
		373F78BB199DB87800ECC2A3 /* Frameworks */ = {
			isa = PBXFrameworksBuildPhase;
			buildActionMask = 2147483647;
			files = (
			);
			runOnlyForDeploymentPostprocessing = 0;
		};
		373F78CF199DB87900ECC2A3 /* Frameworks */ = {
			isa = PBXFrameworksBuildPhase;
			buildActionMask = 2147483647;
			files = (
			);
			runOnlyForDeploymentPostprocessing = 0;
		};
/* End PBXFrameworksBuildPhase section */

/* Begin PBXGroup section */
		373F78B5199DB87800ECC2A3 = {
			isa = PBXGroup;
			children = (
				373F78C0199DB87800ECC2A3 /* AutoLayoutDemo */,
				373F78D5199DB87900ECC2A3 /* AutoLayoutDemoTests */,
				373F78BF199DB87800ECC2A3 /* Products */,
			);
			sourceTree = "<group>";
		};
		373F78BF199DB87800ECC2A3 /* Products */ = {
			isa = PBXGroup;
			children = (
				373F78BE199DB87800ECC2A3 /* AutoLayoutDemo.app */,
				373F78D2199DB87900ECC2A3 /* AutoLayoutDemoTests.xctest */,
			);
			name = Products;
			sourceTree = "<group>";
		};
		373F78C0199DB87800ECC2A3 /* AutoLayoutDemo */ = {
			isa = PBXGroup;
			children = (
				373F78C3199DB87800ECC2A3 /* AppDelegate.swift */,
				373F78C5199DB87800ECC2A3 /* MasterViewController.swift */,
				373F78C7199DB87800ECC2A3 /* DetailViewController.swift */,
				373F78C9199DB87800ECC2A3 /* Main.storyboard */,
				373F78CC199DB87800ECC2A3 /* Images.xcassets */,
				373F78C1199DB87800ECC2A3 /* Supporting Files */,
			);
			path = AutoLayoutDemo;
			sourceTree = "<group>";
		};
		373F78C1199DB87800ECC2A3 /* Supporting Files */ = {
			isa = PBXGroup;
			children = (
				373F78C2199DB87800ECC2A3 /* Info.plist */,
			);
			name = "Supporting Files";
			sourceTree = "<group>";
		};
		373F78D5199DB87900ECC2A3 /* AutoLayoutDemoTests */ = {
			isa = PBXGroup;
			children = (
				373F78D8199DB87900ECC2A3 /* AutoLayoutDemoTests.swift */,
				373F78D6199DB87900ECC2A3 /* Supporting Files */,
			);
			path = AutoLayoutDemoTests;
			sourceTree = "<group>";
		};
		373F78D6199DB87900ECC2A3 /* Supporting Files */ = {
			isa = PBXGroup;
			children = (
				373F78D7199DB87900ECC2A3 /* Info.plist */,
			);
			name = "Supporting Files";
			sourceTree = "<group>";
		};
/* End PBXGroup section */

/* Begin PBXNativeTarget section */
		373F78BD199DB87800ECC2A3 /* AutoLayoutDemo */ = {
			isa = PBXNativeTarget;
			buildConfigurationList = 373F78DC199DB87900ECC2A3 /* Build configuration list for PBXNativeTarget "AutoLayoutDemo" */;
			buildPhases = (
				373F78BA199DB87800ECC2A3 /* Sources */,
				373F78BB199DB87800ECC2A3 /* Frameworks */,
				373F78BC199DB87800ECC2A3 /* Resources */,
			);
			buildRules = (
			);
			dependencies = (
			);
			name = AutoLayoutDemo;
			productName = AutoLayoutDemo;
			productReference = 373F78BE199DB87800ECC2A3 /* AutoLayoutDemo.app */;
			productType = "com.apple.product-type.application";
		};
		373F78D1199DB87900ECC2A3 /* AutoLayoutDemoTests */ = {
			isa = PBXNativeTarget;
			buildConfigurationList = 373F78DF199DB87900ECC2A3 /* Build configuration list for PBXNativeTarget "AutoLayoutDemoTests" */;
			buildPhases = (
				373F78CE199DB87900ECC2A3 /* Sources */,
				373F78CF199DB87900ECC2A3 /* Frameworks */,
				373F78D0199DB87900ECC2A3 /* Resources */,
			);
			buildRules = (
			);
			dependencies = (
				373F78D4199DB87900ECC2A3 /* PBXTargetDependency */,
			);
			name = AutoLayoutDemoTests;
			productName = AutoLayoutDemoTests;
			productReference = 373F78D2199DB87900ECC2A3 /* AutoLayoutDemoTests.xctest */;
			productType = "com.apple.product-type.bundle.unit-test";
		};
/* End PBXNativeTarget section */

/* Begin PBXProject section */
		373F78B6199DB87800ECC2A3 /* Project object */ = {
			isa = PBXProject;
			attributes = {
				LastUpgradeCheck = 0600;
				ORGANIZATIONNAME = Protospec;
				TargetAttributes = {
					373F78BD199DB87800ECC2A3 = {
						CreatedOnToolsVersion = 6.0;
					};
					373F78D1199DB87900ECC2A3 = {
						CreatedOnToolsVersion = 6.0;
						TestTargetID = 373F78BD199DB87800ECC2A3;
					};
				};
			};
			buildConfigurationList = 373F78B9199DB87800ECC2A3 /* Build configuration list for PBXProject "AutoLayoutDemo" */;
			compatibilityVersion = "Xcode 3.2";
			developmentRegion = English;
			hasScannedForEncodings = 0;
			knownRegions = (
				en,
				Base,
			);
			mainGroup = 373F78B5199DB87800ECC2A3;
			productRefGroup = 373F78BF199DB87800ECC2A3 /* Products */;
			projectDirPath = "";
			projectRoot = "";
			targets = (
				373F78BD199DB87800ECC2A3 /* AutoLayoutDemo */,
				373F78D1199DB87900ECC2A3 /* AutoLayoutDemoTests */,
			);
		};
/* End PBXProject section */

/* Begin PBXResourcesBuildPhase section */
		373F78BC199DB87800ECC2A3 /* Resources */ = {
			isa = PBXResourcesBuildPhase;
			buildActionMask = 2147483647;
			files = (
				373F78CB199DB87800ECC2A3 /* Main.storyboard in Resources */,
				373F78CD199DB87800ECC2A3 /* Images.xcassets in Resources */,
			);
			runOnlyForDeploymentPostprocessing = 0;
		};
		373F78D0199DB87900ECC2A3 /* Resources */ = {
			isa = PBXResourcesBuildPhase;
			buildActionMask = 2147483647;
			files = (
			);
			runOnlyForDeploymentPostprocessing = 0;
		};
/* End PBXResourcesBuildPhase section */

/* Begin PBXSourcesBuildPhase section */
		373F78BA199DB87800ECC2A3 /* Sources */ = {
			isa = PBXSourcesBuildPhase;
			buildActionMask = 2147483647;
			files = (
				373F78C8199DB87800ECC2A3 /* DetailViewController.swift in Sources */,
				373F78C6199DB87800ECC2A3 /* MasterViewController.swift in Sources */,
				373F78C4199DB87800ECC2A3 /* AppDelegate.swift in Sources */,
			);
			runOnlyForDeploymentPostprocessing = 0;
		};
		373F78CE199DB87900ECC2A3 /* Sources */ = {
			isa = PBXSourcesBuildPhase;
			buildActionMask = 2147483647;
			files = (
				373F78D9199DB87900ECC2A3 /* AutoLayoutDemoTests.swift in Sources */,
			);
			runOnlyForDeploymentPostprocessing = 0;
		};
/* End PBXSourcesBuildPhase section */

/* Begin PBXTargetDependency section */
		373F78D4199DB87900ECC2A3 /* PBXTargetDependency */ = {
			isa = PBXTargetDependency;
			target = 373F78BD199DB87800ECC2A3 /* AutoLayoutDemo */;
			targetProxy = 373F78D3199DB87900ECC2A3 /* PBXContainerItemProxy */;
		};
/* End PBXTargetDependency section */

/* Begin PBXVariantGroup section */
		373F78C9199DB87800ECC2A3 /* Main.storyboard */ = {
			isa = PBXVariantGroup;
			children = (
				373F78CA199DB87800ECC2A3 /* Base */,
			);
			name = Main.storyboard;
			sourceTree = "<group>";
		};
/* End PBXVariantGroup section */

/* Begin XCBuildConfiguration section */
		373F78DA199DB87900ECC2A3 /* Debug */ = {
			isa = XCBuildConfiguration;
			buildSettings = {
				ALWAYS_SEARCH_USER_PATHS = NO;
				CLANG_CXX_LANGUAGE_STANDARD = "gnu++0x";
				CLANG_CXX_LIBRARY = "libc++";
				CLANG_ENABLE_MODULES = YES;
				CLANG_ENABLE_OBJC_ARC = YES;
				CLANG_WARN_BOOL_CONVERSION = YES;
				CLANG_WARN_CONSTANT_CONVERSION = YES;
				CLANG_WARN_DIRECT_OBJC_ISA_USAGE = YES_ERROR;
				CLANG_WARN_EMPTY_BODY = YES;
				CLANG_WARN_ENUM_CONVERSION = YES;
				CLANG_WARN_INT_CONVERSION = YES;
				CLANG_WARN_OBJC_ROOT_CLASS = YES_ERROR;
				CLANG_WARN_UNREACHABLE_CODE = YES;
				CLANG_WARN__DUPLICATE_METHOD_MATCH = YES;
				"CODE_SIGN_IDENTITY[sdk=iphoneos*]" = "iPhone Developer";
				COPY_PHASE_STRIP = NO;
				ENABLE_STRICT_OBJC_MSGSEND = YES;
				GCC_C_LANGUAGE_STANDARD = gnu99;
				GCC_DYNAMIC_NO_PIC = NO;
				GCC_OPTIMIZATION_LEVEL = 0;
				GCC_PREPROCESSOR_DEFINITIONS = (
					"DEBUG=1",
					"$(inherited)",
				);
				GCC_SYMBOLS_PRIVATE_EXTERN = NO;
				GCC_WARN_64_TO_32_BIT_CONVERSION = YES;
				GCC_WARN_ABOUT_RETURN_TYPE = YES_ERROR;
				GCC_WARN_UNDECLARED_SELECTOR = YES;
				GCC_WARN_UNINITIALIZED_AUTOS = YES_AGGRESSIVE;
				GCC_WARN_UNUSED_FUNCTION = YES;
				GCC_WARN_UNUSED_VARIABLE = YES;
				IPHONEOS_DEPLOYMENT_TARGET = 8.0;
				MTL_ENABLE_DEBUG_INFO = YES;
				ONLY_ACTIVE_ARCH = YES;
				SDKROOT = iphoneos;
				SWIFT_OPTIMIZATION_LEVEL = "-Onone";
				TARGETED_DEVICE_FAMILY = "1,2";
			};
			name = Debug;
		};
		373F78DB199DB87900ECC2A3 /* Release */ = {
			isa = XCBuildConfiguration;
			buildSettings = {
				ALWAYS_SEARCH_USER_PATHS = NO;
				CLANG_CXX_LANGUAGE_STANDARD = "gnu++0x";
				CLANG_CXX_LIBRARY = "libc++";
				CLANG_ENABLE_MODULES = YES;
				CLANG_ENABLE_OBJC_ARC = YES;
				CLANG_WARN_BOOL_CONVERSION = YES;
				CLANG_WARN_CONSTANT_CONVERSION = YES;
				CLANG_WARN_DIRECT_OBJC_ISA_USAGE = YES_ERROR;
				CLANG_WARN_EMPTY_BODY = YES;
				CLANG_WARN_ENUM_CONVERSION = YES;
				CLANG_WARN_INT_CONVERSION = YES;
				CLANG_WARN_OBJC_ROOT_CLASS = YES_ERROR;
				CLANG_WARN_UNREACHABLE_CODE = YES;
				CLANG_WARN__DUPLICATE_METHOD_MATCH = YES;
				"CODE_SIGN_IDENTITY[sdk=iphoneos*]" = "iPhone Developer";
				COPY_PHASE_STRIP = YES;
				ENABLE_NS_ASSERTIONS = NO;
				ENABLE_STRICT_OBJC_MSGSEND = YES;
				GCC_C_LANGUAGE_STANDARD = gnu99;
				GCC_WARN_64_TO_32_BIT_CONVERSION = YES;
				GCC_WARN_ABOUT_RETURN_TYPE = YES_ERROR;
				GCC_WARN_UNDECLARED_SELECTOR = YES;
				GCC_WARN_UNINITIALIZED_AUTOS = YES_AGGRESSIVE;
				GCC_WARN_UNUSED_FUNCTION = YES;
				GCC_WARN_UNUSED_VARIABLE = YES;
				IPHONEOS_DEPLOYMENT_TARGET = 8.0;
				MTL_ENABLE_DEBUG_INFO = NO;
				SDKROOT = iphoneos;
				TARGETED_DEVICE_FAMILY = "1,2";
				VALIDATE_PRODUCT = YES;
			};
			name = Release;
		};
		373F78DD199DB87900ECC2A3 /* Debug */ = {
			isa = XCBuildConfiguration;
			buildSettings = {
				ASSETCATALOG_COMPILER_APPICON_NAME = AppIcon;
				ASSETCATALOG_COMPILER_LAUNCHIMAGE_NAME = LaunchImage;
				INFOPLIST_FILE = AutoLayoutDemo/Info.plist;
				LD_RUNPATH_SEARCH_PATHS = "$(inherited) @executable_path/Frameworks";
				PRODUCT_NAME = "$(TARGET_NAME)";
			};
			name = Debug;
		};
		373F78DE199DB87900ECC2A3 /* Release */ = {
			isa = XCBuildConfiguration;
			buildSettings = {
				ASSETCATALOG_COMPILER_APPICON_NAME = AppIcon;
				ASSETCATALOG_COMPILER_LAUNCHIMAGE_NAME = LaunchImage;
				INFOPLIST_FILE = AutoLayoutDemo/Info.plist;
				LD_RUNPATH_SEARCH_PATHS = "$(inherited) @executable_path/Frameworks";
				PRODUCT_NAME = "$(TARGET_NAME)";
			};
			name = Release;
		};
		373F78E0199DB87900ECC2A3 /* Debug */ = {
			isa = XCBuildConfiguration;
			buildSettings = {
				BUNDLE_LOADER = "$(TEST_HOST)";
				FRAMEWORK_SEARCH_PATHS = (
					"$(SDKROOT)/Developer/Library/Frameworks",
					"$(inherited)",
				);
				GCC_PREPROCESSOR_DEFINITIONS = (
					"DEBUG=1",
					"$(inherited)",
				);
				INFOPLIST_FILE = AutoLayoutDemoTests/Info.plist;
				LD_RUNPATH_SEARCH_PATHS = "$(inherited) @executable_path/Frameworks @loader_path/Frameworks";
				PRODUCT_NAME = "$(TARGET_NAME)";
				TEST_HOST = "$(BUILT_PRODUCTS_DIR)/AutoLayoutDemo.app/AutoLayoutDemo";
			};
			name = Debug;
		};
		373F78E1199DB87900ECC2A3 /* Release */ = {
			isa = XCBuildConfiguration;
			buildSettings = {
				BUNDLE_LOADER = "$(TEST_HOST)";
				FRAMEWORK_SEARCH_PATHS = (
					"$(SDKROOT)/Developer/Library/Frameworks",
					"$(inherited)",
				);
				INFOPLIST_FILE = AutoLayoutDemoTests/Info.plist;
				LD_RUNPATH_SEARCH_PATHS = "$(inherited) @executable_path/Frameworks @loader_path/Frameworks";
				PRODUCT_NAME = "$(TARGET_NAME)";
				TEST_HOST = "$(BUILT_PRODUCTS_DIR)/AutoLayoutDemo.app/AutoLayoutDemo";
			};
			name = Release;
		};
/* End XCBuildConfiguration section */

/* Begin XCConfigurationList section */
		373F78B9199DB87800ECC2A3 /* Build configuration list for PBXProject "AutoLayoutDemo" */ = {
			isa = XCConfigurationList;
			buildConfigurations = (
				373F78DA199DB87900ECC2A3 /* Debug */,
				373F78DB199DB87900ECC2A3 /* Release */,
			);
			defaultConfigurationIsVisible = 0;
			defaultConfigurationName = Release;
		};
		373F78DC199DB87900ECC2A3 /* Build configuration list for PBXNativeTarget "AutoLayoutDemo" */ = {
			isa = XCConfigurationList;
			buildConfigurations = (
				373F78DD199DB87900ECC2A3 /* Debug */,
				373F78DE199DB87900ECC2A3 /* Release */,
			);
			defaultConfigurationIsVisible = 0;
		};
		373F78DF199DB87900ECC2A3 /* Build configuration list for PBXNativeTarget "AutoLayoutDemoTests" */ = {
			isa = XCConfigurationList;
			buildConfigurations = (
				373F78E0199DB87900ECC2A3 /* Debug */,
				373F78E1199DB87900ECC2A3 /* Release */,
			);
			defaultConfigurationIsVisible = 0;
		};
/* End XCConfigurationList section */
	};
	rootObject = 373F78B6199DB87800ECC2A3 /* Project object */;
}
